
Microsoft Visual Studio Solution File, Format Version 12.00
# Visual Studio Version 17
VisualStudioVersion = 17.0.31903.59
MinimumVisualStudioVersion = 10.0.40219.1
Project("{FAE04EC0-301F-11D3-BF4B-00C04F79EFBC}") = "Web.API", "Web.API\Web.API.csproj", "{03AB9A4B-FBD1-4BE7-B4AB-54220ECF8F59}"
EndProject
Project("{FAE04EC0-301F-11D3-BF4B-00C04F79EFBC}") = "Application", "Application\Application.csproj", "{5C8FA94D-737E-41BF-B2B4-6D7E5B9CC394}"
EndProject
Project("{FAE04EC0-301F-11D3-BF4B-00C04F79EFBC}") = "Infrastructure", "Infrastructure\Infrastructure.csproj", "{C3433EE0-2396-4AA9-BF29-033AA6B2D069}"
EndProject
Project("{FAE04EC0-301F-11D3-BF4B-00C04F79EFBC}") = "Domain", "Domain\Domain.csproj", "{298B2F9D-B96C-4DF0-BD2E-42026C47A80E}"
EndProject
Global
	GlobalSection(SolutionConfigurationPlatforms) = preSolution
		Debug|Any CPU = Debug|Any CPU
		Release|Any CPU = Release|Any CPU
	EndGlobalSection
	GlobalSection(SolutionProperties) = preSolution
		HideSolutionNode = FALSE
	EndGlobalSection
	GlobalSection(ProjectConfigurationPlatforms) = postSolution
		{03AB9A4B-FBD1-4BE7-B4AB-54220ECF8F59}.Debug|Any CPU.ActiveCfg = Debug|Any CPU
		{03AB9A4B-FBD1-4BE7-B4AB-54220ECF8F59}.Debug|Any CPU.Build.0 = Debug|Any CPU
		{03AB9A4B-FBD1-4BE7-B4AB-54220ECF8F59}.Release|Any CPU.ActiveCfg = Release|Any CPU
		{03AB9A4B-FBD1-4BE7-B4AB-54220ECF8F59}.Release|Any CPU.Build.0 = Release|Any CPU
		{5C8FA94D-737E-41BF-B2B4-6D7E5B9CC394}.Debug|Any CPU.ActiveCfg = Debug|Any CPU
		{5C8FA94D-737E-41BF-B2B4-6D7E5B9CC394}.Debug|Any CPU.Build.0 = Debug|Any CPU
		{5C8FA94D-737E-41BF-B2B4-6D7E5B9CC394}.Release|Any CPU.ActiveCfg = Release|Any CPU
		{5C8FA94D-737E-41BF-B2B4-6D7E5B9CC394}.Release|Any CPU.Build.0 = Release|Any CPU
		{C3433EE0-2396-4AA9-BF29-033AA6B2D069}.Debug|Any CPU.ActiveCfg = Debug|Any CPU
		{C3433EE0-2396-4AA9-BF29-033AA6B2D069}.Debug|Any CPU.Build.0 = Debug|Any CPU
		{C3433EE0-2396-4AA9-BF29-033AA6B2D069}.Release|Any CPU.ActiveCfg = Release|Any CPU
		{C3433EE0-2396-4AA9-BF29-033AA6B2D069}.Release|Any CPU.Build.0 = Release|Any CPU
		{298B2F9D-B96C-4DF0-BD2E-42026C47A80E}.Debug|Any CPU.ActiveCfg = Debug|Any CPU
		{298B2F9D-B96C-4DF0-BD2E-42026C47A80E}.Debug|Any CPU.Build.0 = Debug|Any CPU
		{298B2F9D-B96C-4DF0-BD2E-42026C47A80E}.Release|Any CPU.ActiveCfg = Release|Any CPU
		{298B2F9D-B96C-4DF0-BD2E-42026C47A80E}.Release|Any CPU.Build.0 = Release|Any CPU
	EndGlobalSection
EndGlobal
